
Microsoft Visual Studio Solution File, Format Version 12.00
# Visual Studio Version 18
VisualStudioVersion = 18.2.11408.102 d18.0
MinimumVisualStudioVersion = 10.0.40219.1
Project("{FAE04EC0-301F-11D3-BF4B-00C04F79EFBC}") = "JsonBodyProvider", "src\JsonBodyProvider\JsonBodyProvider.csproj", "{0BE9A54C-2854-98FE-DF07-B01FC5B4BA4D}"
EndProject
Project("{FAE04EC0-301F-11D3-BF4B-00C04F79EFBC}") = "JsonBodyProviderTest", "test\JsonBodyProviderTest\JsonBodyProviderTest.csproj", "{9FB8CDDF-2192-40AC-AD64-642800FC1CEC}"
EndProject
Global
	GlobalSection(SolutionConfigurationPlatforms) = preSolution
		Debug|Any CPU = Debug|Any CPU
		Release|Any CPU = Release|Any CPU
	EndGlobalSection
	GlobalSection(ProjectConfigurationPlatforms) = postSolution
		{0BE9A54C-2854-98FE-DF07-B01FC5B4BA4D}.Debug|Any CPU.ActiveCfg = Debug|Any CPU
		{0BE9A54C-2854-98FE-DF07-B01FC5B4BA4D}.Debug|Any CPU.Build.0 = Debug|Any CPU
		{0BE9A54C-2854-98FE-DF07-B01FC5B4BA4D}.Release|Any CPU.ActiveCfg = Release|Any CPU
		{0BE9A54C-2854-98FE-DF07-B01FC5B4BA4D}.Release|Any CPU.Build.0 = Release|Any CPU
		{9FB8CDDF-2192-40AC-AD64-642800FC1CEC}.Debug|Any CPU.ActiveCfg = Debug|Any CPU
		{9FB8CDDF-2192-40AC-AD64-642800FC1CEC}.Debug|Any CPU.Build.0 = Debug|Any CPU
		{9FB8CDDF-2192-40AC-AD64-642800FC1CEC}.Release|Any CPU.ActiveCfg = Release|Any CPU
		{9FB8CDDF-2192-40AC-AD64-642800FC1CEC}.Release|Any CPU.Build.0 = Release|Any CPU
	EndGlobalSection
	GlobalSection(SolutionProperties) = preSolution
		HideSolutionNode = FALSE
	EndGlobalSection
	GlobalSection(ExtensibilityGlobals) = postSolution
		SolutionGuid = {94BED1F4-72EB-4E1F-BCAF-EB91DE82052D}
	EndGlobalSection
EndGlobal
